
Microsoft Visual Studio Solution File, Format Version 12.00
# Visual Studio Version 17
VisualStudioVersion = 17.4.33213.308
MinimumVisualStudioVersion = 10.0.40219.1
Project("{FAE04EC0-301F-11D3-BF4B-00C04F79EFBC}") = "WebApplication1", "WebApplication1.csproj", "{FBC9123F-E06F-4B67-A81E-75CED48FB1A7}"
EndProject
Global
	GlobalSection(SolutionConfigurationPlatforms) = preSolution
		Debug|Any CPU = Debug|Any CPU
		Release|Any CPU = Release|Any CPU
	EndGlobalSection
	GlobalSection(ProjectConfigurationPlatforms) = postSolution
		{FBC9123F-E06F-4B67-A81E-75CED48FB1A7}.Debug|Any CPU.ActiveCfg = Debug|Any CPU
		{FBC9123F-E06F-4B67-A81E-75CED48FB1A7}.Debug|Any CPU.Build.0 = Debug|Any CPU
		{FBC9123F-E06F-4B67-A81E-75CED48FB1A7}.Release|Any CPU.ActiveCfg = Release|Any CPU
		{FBC9123F-E06F-4B67-A81E-75CED48FB1A7}.Release|Any CPU.Build.0 = Release|Any CPU
	EndGlobalSection
	GlobalSection(SolutionProperties) = preSolution
		HideSolutionNode = FALSE
	EndGlobalSection
	GlobalSection(ExtensibilityGlobals) = postSolution
		SolutionGuid = {D6750073-6667-4DD9-8600-797EBD3F5241}
	EndGlobalSection
EndGlobal
